
Microsoft Visual Studio Solution File, Format Version 12.00
# Visual Studio Version 17
VisualStudioVersion = 17.0.31903.59
MinimumVisualStudioVersion = 10.0.40219.1
Project("{FAE04EC0-301F-11D3-BF4B-00C04F79EFBC}") = "SunamoWinStd.Tests", "SunamoWinStd.Tests\\SunamoWinStd.Tests.csproj", "{B9130367-2940-419C-8CA0-F7D1736711E6}"
EndProject
Project("{FAE04EC0-301F-11D3-BF4B-00C04F79EFBC}") = "RunnerWinStd", "RunnerWinStd\\RunnerWinStd.csproj", "{59FEC8AD-9A18-4DF5-AAA7-1D1C51C9D989}"
EndProject
Project("{FAE04EC0-301F-11D3-BF4B-00C04F79EFBC}") = "SunamoWinStd", "SunamoWinStd\SunamoWinStd.csproj", "{24536713-F902-4C7B-BBE6-FB716BE9C590}"
EndProject
Global
	GlobalSection(SolutionConfigurationPlatforms) = preSolution
		Debug|Any CPU = Debug|Any CPU
		Debug|x64 = Debug|x64
		Debug|x86 = Debug|x86
		Release|Any CPU = Release|Any CPU
		Release|x64 = Release|x64
		Release|x86 = Release|x86
	EndGlobalSection
	GlobalSection(ProjectConfigurationPlatforms) = postSolution
		{B9130367-2940-419C-8CA0-F7D1736711E6}.Debug|Any CPU.ActiveCfg = Debug|Any CPU
		{B9130367-2940-419C-8CA0-F7D1736711E6}.Debug|Any CPU.Build.0 = Debug|Any CPU
		{B9130367-2940-419C-8CA0-F7D1736711E6}.Debug|x64.ActiveCfg = Debug|Any CPU
		{B9130367-2940-419C-8CA0-F7D1736711E6}.Debug|x64.Build.0 = Debug|Any CPU
		{B9130367-2940-419C-8CA0-F7D1736711E6}.Debug|x86.ActiveCfg = Debug|Any CPU
		{B9130367-2940-419C-8CA0-F7D1736711E6}.Debug|x86.Build.0 = Debug|Any CPU
		{B9130367-2940-419C-8CA0-F7D1736711E6}.Release|Any CPU.ActiveCfg = Release|Any CPU
		{B9130367-2940-419C-8CA0-F7D1736711E6}.Release|Any CPU.Build.0 = Release|Any CPU
		{B9130367-2940-419C-8CA0-F7D1736711E6}.Release|x64.ActiveCfg = Release|Any CPU
		{B9130367-2940-419C-8CA0-F7D1736711E6}.Release|x64.Build.0 = Release|Any CPU
		{B9130367-2940-419C-8CA0-F7D1736711E6}.Release|x86.ActiveCfg = Release|Any CPU
		{B9130367-2940-419C-8CA0-F7D1736711E6}.Release|x86.Build.0 = Release|Any CPU
		{59FEC8AD-9A18-4DF5-AAA7-1D1C51C9D989}.Debug|Any CPU.ActiveCfg = Debug|Any CPU
		{59FEC8AD-9A18-4DF5-AAA7-1D1C51C9D989}.Debug|Any CPU.Build.0 = Debug|Any CPU
		{59FEC8AD-9A18-4DF5-AAA7-1D1C51C9D989}.Debug|x64.ActiveCfg = Debug|Any CPU
		{59FEC8AD-9A18-4DF5-AAA7-1D1C51C9D989}.Debug|x64.Build.0 = Debug|Any CPU
		{59FEC8AD-9A18-4DF5-AAA7-1D1C51C9D989}.Debug|x86.ActiveCfg = Debug|Any CPU
		{59FEC8AD-9A18-4DF5-AAA7-1D1C51C9D989}.Debug|x86.Build.0 = Debug|Any CPU
		{59FEC8AD-9A18-4DF5-AAA7-1D1C51C9D989}.Release|Any CPU.ActiveCfg = Release|Any CPU
		{59FEC8AD-9A18-4DF5-AAA7-1D1C51C9D989}.Release|Any CPU.Build.0 = Release|Any CPU
		{59FEC8AD-9A18-4DF5-AAA7-1D1C51C9D989}.Release|x64.ActiveCfg = Release|Any CPU
		{59FEC8AD-9A18-4DF5-AAA7-1D1C51C9D989}.Release|x64.Build.0 = Release|Any CPU
		{59FEC8AD-9A18-4DF5-AAA7-1D1C51C9D989}.Release|x86.ActiveCfg = Release|Any CPU
		{59FEC8AD-9A18-4DF5-AAA7-1D1C51C9D989}.Release|x86.Build.0 = Release|Any CPU
		{24536713-F902-4C7B-BBE6-FB716BE9C590}.Debug|Any CPU.ActiveCfg = Debug|Any CPU
		{24536713-F902-4C7B-BBE6-FB716BE9C590}.Debug|Any CPU.Build.0 = Debug|Any CPU
		{24536713-F902-4C7B-BBE6-FB716BE9C590}.Debug|x64.ActiveCfg = Debug|Any CPU
		{24536713-F902-4C7B-BBE6-FB716BE9C590}.Debug|x64.Build.0 = Debug|Any CPU
		{24536713-F902-4C7B-BBE6-FB716BE9C590}.Debug|x86.ActiveCfg = Debug|Any CPU
		{24536713-F902-4C7B-BBE6-FB716BE9C590}.Debug|x86.Build.0 = Debug|Any CPU
		{24536713-F902-4C7B-BBE6-FB716BE9C590}.Release|Any CPU.ActiveCfg = Release|Any CPU
		{24536713-F902-4C7B-BBE6-FB716BE9C590}.Release|Any CPU.Build.0 = Release|Any CPU
		{24536713-F902-4C7B-BBE6-FB716BE9C590}.Release|x64.ActiveCfg = Release|Any CPU
		{24536713-F902-4C7B-BBE6-FB716BE9C590}.Release|x64.Build.0 = Release|Any CPU
		{24536713-F902-4C7B-BBE6-FB716BE9C590}.Release|x86.ActiveCfg = Release|Any CPU
		{24536713-F902-4C7B-BBE6-FB716BE9C590}.Release|x86.Build.0 = Release|Any CPU
	EndGlobalSection
	GlobalSection(SolutionProperties) = preSolution
		HideSolutionNode = FALSE
	EndGlobalSection
	GlobalSection(ExtensibilityGlobals) = postSolution
		SolutionGuid = {D1DF5167-A1CE-49FB-B2F1-8E51306E4286}
	EndGlobalSection
EndGlobal
